Microsoft Visual Studio Solution File, Format Version 12.00
# Visual Studio Version 17
VisualStudioVersion = 17.0.31903.59
MinimumVisualStudioVersion = 10.0.40219.1
Project("{9A19103F-16F7-4668-BE54-9A1E7A4F7556}") = "ClipSage.App", "ClipSage.App\ClipSage.App.csproj", "{84198411-A112-415F-AF36-0C3C18ED3CA2}"
EndProject
Project("{9A19103F-16F7-4668-BE54-9A1E7A4F7556}") = "ClipSage.Core", "ClipSage.Core\ClipSage.Core.csproj", "{D44E2587-99E4-4F4B-840A-5F9248300A22}"
EndProject
Project("{9A19103F-16F7-4668-BE54-9A1E7A4F7556}") = "ClipSage.Tests", "ClipSage.Tests\ClipSage.Tests.csproj", "{6FE30B47-2626-43FF-9384-D324F425A2A2}"
EndProject
Global
	GlobalSection(SolutionConfigurationPlatforms) = preSolution
		Debug|Any CPU = Debug|Any CPU
		Debug|x64 = Debug|x64
		Debug|x86 = Debug|x86
		Release|Any CPU = Release|Any CPU
		Release|x64 = Release|x64
		Release|x86 = Release|x86
	EndGlobalSection
	GlobalSection(ProjectConfigurationPlatforms) = postSolution
		{84198411-A112-415F-AF36-0C3C18ED3CA2}.Debug|Any CPU.ActiveCfg = Debug|x64
		{84198411-A112-415F-AF36-0C3C18ED3CA2}.Debug|Any CPU.Build.0 = Debug|x64
		{84198411-A112-415F-AF36-0C3C18ED3CA2}.Debug|x64.ActiveCfg = Debug|x64
		{84198411-A112-415F-AF36-0C3C18ED3CA2}.Debug|x64.Build.0 = Debug|x64
		{84198411-A112-415F-AF36-0C3C18ED3CA2}.Debug|x86.ActiveCfg = Debug|x64
		{84198411-A112-415F-AF36-0C3C18ED3CA2}.Debug|x86.Build.0 = Debug|x64
		{84198411-A112-415F-AF36-0C3C18ED3CA2}.Release|Any CPU.ActiveCfg = Release|x64
		{84198411-A112-415F-AF36-0C3C18ED3CA2}.Release|Any CPU.Build.0 = Release|x64
		{84198411-A112-415F-AF36-0C3C18ED3CA2}.Release|x64.ActiveCfg = Release|x64
		{84198411-A112-415F-AF36-0C3C18ED3CA2}.Release|x64.Build.0 = Release|x64
		{84198411-A112-415F-AF36-0C3C18ED3CA2}.Release|x86.ActiveCfg = Release|x64
		{84198411-A112-415F-AF36-0C3C18ED3CA2}.Release|x86.Build.0 = Release|x64
		{D44E2587-99E4-4F4B-840A-5F9248300A22}.Debug|Any CPU.ActiveCfg = Debug|x64
		{D44E2587-99E4-4F4B-840A-5F9248300A22}.Debug|Any CPU.Build.0 = Debug|x64
		{D44E2587-99E4-4F4B-840A-5F9248300A22}.Debug|x64.ActiveCfg = Debug|x64
		{D44E2587-99E4-4F4B-840A-5F9248300A22}.Debug|x64.Build.0 = Debug|x64
		{D44E2587-99E4-4F4B-840A-5F9248300A22}.Debug|x86.ActiveCfg = Debug|x64
		{D44E2587-99E4-4F4B-840A-5F9248300A22}.Debug|x86.Build.0 = Debug|x64
		{D44E2587-99E4-4F4B-840A-5F9248300A22}.Release|Any CPU.ActiveCfg = Release|x64
		{D44E2587-99E4-4F4B-840A-5F9248300A22}.Release|Any CPU.Build.0 = Release|x64
		{D44E2587-99E4-4F4B-840A-5F9248300A22}.Release|x64.ActiveCfg = Release|x64
		{D44E2587-99E4-4F4B-840A-5F9248300A22}.Release|x64.Build.0 = Release|x64
		{D44E2587-99E4-4F4B-840A-5F9248300A22}.Release|x86.ActiveCfg = Release|x64
		{D44E2587-99E4-4F4B-840A-5F9248300A22}.Release|x86.Build.0 = Release|x64
		{6FE30B47-2626-43FF-9384-D324F425A2A2}.Debug|Any CPU.ActiveCfg = Debug|x64
		{6FE30B47-2626-43FF-9384-D324F425A2A2}.Debug|Any CPU.Build.0 = Debug|x64
		{6FE30B47-2626-43FF-9384-D324F425A2A2}.Debug|x64.ActiveCfg = Debug|x64
		{6FE30B47-2626-43FF-9384-D324F425A2A2}.Debug|x64.Build.0 = Debug|x64
		{6FE30B47-2626-43FF-9384-D324F425A2A2}.Debug|x86.ActiveCfg = Debug|x64
		{6FE30B47-2626-43FF-9384-D324F425A2A2}.Debug|x86.Build.0 = Debug|x64
		{6FE30B47-2626-43FF-9384-D324F425A2A2}.Release|Any CPU.ActiveCfg = Release|x64
		{6FE30B47-2626-43FF-9384-D324F425A2A2}.Release|Any CPU.Build.0 = Release|x64
		{6FE30B47-2626-43FF-9384-D324F425A2A2}.Release|x64.ActiveCfg = Release|x64
		{6FE30B47-2626-43FF-9384-D324F425A2A2}.Release|x64.Build.0 = Release|x64
		{6FE30B47-2626-43FF-9384-D324F425A2A2}.Release|x86.ActiveCfg = Release|x64
		{6FE30B47-2626-43FF-9384-D324F425A2A2}.Release|x86.Build.0 = Release|x64
	EndGlobalSection
	GlobalSection(SolutionProperties) = preSolution
		HideSolutionNode = FALSE
	EndGlobalSection
	GlobalSection(ExtensibilityGlobals) = postSolution
		SolutionGuid = {827E0CD3-B72D-47B6-A68D-7590B98EB39B}
	EndGlobalSection
EndGlobal
